// !$*UTF8*$!
{
	archiveVersion = 1;
	classes = {
	};
	objectVersion = 44;
	objects = {

/* Begin PBXBuildFile section */
		0A80BFA50E21A2E200C8BF14 /* markdown.h in Headers */ = {isa = PBXBuildFile; fileRef = 0A80BFA40E21A2E200C8BF14 /* markdown.h */; };
		0A80BFA70E21A2ED00C8BF14 /* markdown.m in Sources */ = {isa = PBXBuildFile; fileRef = 0A80BFA60E21A2ED00C8BF14 /* markdown.m */; };
		0A80BFB20E21A90900C8BF14 /* Cocoa.framework in Frameworks */ = {isa = PBXBuildFile; fileRef = 0A80BFB10E21A90900C8BF14 /* Cocoa.framework */; };
		0A80BFCC0E21B61A00C8BF14 /* WebKit.framework in Frameworks */ = {isa = PBXBuildFile; fileRef = 0A80BFCB0E21B61A00C8BF14 /* WebKit.framework */; };
		2C05A19C06CAA52B00D84F6F /* GeneratePreviewForURL.m in Sources */ = {isa = PBXBuildFile; fileRef = 2C05A19B06CAA52B00D84F6F /* GeneratePreviewForURL.m */; };
		4446CFF50F41899C00BAC3F4 /* amalloc.c in Sources */ = {isa = PBXBuildFile; fileRef = 4446CFE20F41899C00BAC3F4 /* amalloc.c */; };
		4446CFF60F41899C00BAC3F4 /* amalloc.h in Headers */ = {isa = PBXBuildFile; fileRef = 4446CFE30F41899C00BAC3F4 /* amalloc.h */; };
		4446CFF70F41899C00BAC3F4 /* config.h in Headers */ = {isa = PBXBuildFile; fileRef = 4446CFE40F41899C00BAC3F4 /* config.h */; };
		4446CFF90F41899C00BAC3F4 /* cstring.h in Headers */ = {isa = PBXBuildFile; fileRef = 4446CFE60F41899C00BAC3F4 /* cstring.h */; };
		4446CFFA0F41899C00BAC3F4 /* docheader.c in Sources */ = {isa = PBXBuildFile; fileRef = 4446CFE70F41899C00BAC3F4 /* docheader.c */; };
		4446CFFB0F41899C00BAC3F4 /* dumptree.c in Sources */ = {isa = PBXBuildFile; fileRef = 4446CFE80F41899C00BAC3F4 /* dumptree.c */; };
		4446CFFC0F41899C00BAC3F4 /* generate.c in Sources */ = {isa = PBXBuildFile; fileRef = 4446CFE90F41899C00BAC3F4 /* generate.c */; };
		4446CFFD0F41899C00BAC3F4 /* markdown.c in Sources */ = {isa = PBXBuildFile; fileRef = 4446CFEA0F41899C00BAC3F4 /* markdown.c */; };
		4446CFFE0F41899C00BAC3F4 /* markdown.h in Headers */ = {isa = PBXBuildFile; fileRef = 4446CFEB0F41899C00BAC3F4 /* markdown.h */; };
		4446CFFF0F41899C00BAC3F4 /* mkdio.c in Sources */ = {isa = PBXBuildFile; fileRef = 4446CFEC0F41899C00BAC3F4 /* mkdio.c */; };
		4446D0000F41899C00BAC3F4 /* mkdio.h in Headers */ = {isa = PBXBuildFile; fileRef = 4446CFED0F41899C00BAC3F4 /* mkdio.h */; };
		4446D0020F41899C00BAC3F4 /* resource.c in Sources */ = {isa = PBXBuildFile; fileRef = 4446CFEF0F41899C00BAC3F4 /* resource.c */; };
		4446D0030F41899C00BAC3F4 /* toc.c in Sources */ = {isa = PBXBuildFile; fileRef = 4446CFF00F41899C00BAC3F4 /* toc.c */; };
		4446D0050F41899C00BAC3F4 /* wrapper.c in Sources */ = {isa = PBXBuildFile; fileRef = 4446CFF20F41899C00BAC3F4 /* wrapper.c */; };
		4446D0060F41899C00BAC3F4 /* wrapper.h in Headers */ = {isa = PBXBuildFile; fileRef = 4446CFF30F41899C00BAC3F4 /* wrapper.h */; };
		4446D0070F41899C00BAC3F4 /* xmlpage.c in Sources */ = {isa = PBXBuildFile; fileRef = 4446CFF40F41899C00BAC3F4 /* xmlpage.c */; };
		4446D0240F41AD4700BAC3F4 /* styles.css in Resources */ = {isa = PBXBuildFile; fileRef = 4446D0230F41AD4700BAC3F4 /* styles.css */; };
		61E3BCFB0870B4F2002186A0 /* GenerateThumbnailForURL.m in Sources */ = {isa = PBXBuildFile; fileRef = 61E3BCFA0870B4F2002186A0 /* GenerateThumbnailForURL.m */; };
		8D576312048677EA00EA77CD /* main.c in Sources */ = {isa = PBXBuildFile; fileRef = 08FB77B6FE84183AC02AAC07 /* main.c */; settings = {ATTRIBUTES = (); }; };
		8D576314048677EA00EA77CD /* CoreFoundation.framework in Frameworks */ = {isa = PBXBuildFile; fileRef = 0AA1909FFE8422F4C02AAC07 /* CoreFoundation.framework */; };
		8D5B49A804867FD3000E48DA /* InfoPlist.strings in Resources */ = {isa = PBXBuildFile; fileRef = 8D5B49A704867FD3000E48DA /* InfoPlist.strings */; };
		C86B05270671AA6E00DD9006 /* CoreServices.framework in Frameworks */ = {isa = PBXBuildFile; fileRef = C86B05260671AA6E00DD9006 /* CoreServices.framework */; };
		F28CFBFD0A3EC0AF000ABFF5 /* ApplicationServices.framework in Frameworks */ = {isa = PBXBuildFile; fileRef = F28CFBFC0A3EC0AF000ABFF5 /* ApplicationServices.framework */; };
		F28CFC030A3EC0C6000ABFF5 /* QuickLook.framework in Frameworks */ = {isa = PBXBuildFile; fileRef = F28CFC020A3EC0C6000ABFF5 /* QuickLook.framework */; };
/* End PBXBuildFile section */

/* Begin PBXFileReference section */
		089C167EFE841241C02AAC07 /* English */ = {isa = PBXFileReference; fileEncoding = 10; lastKnownFileType = text.plist.strings; name = English; path = English.lproj/InfoPlist.strings; sourceTree = "<group>"; };
		08FB77B6FE84183AC02AAC07 /* main.c */ = {isa = PBXFileReference; fileEncoding = 4; lastKnownFileType = sourcecode.c.c; path = main.c; sourceTree = "<group>"; };
		0A80BFA40E21A2E200C8BF14 /* markdown.h */ = {isa = PBXFileReference; fileEncoding = 4; lastKnownFileType = sourcecode.c.h; path = markdown.h; sourceTree = "<group>"; };
		0A80BFA60E21A2ED00C8BF14 /* markdown.m */ = {isa = PBXFileReference; fileEncoding = 4; lastKnownFileType = sourcecode.c.objc; path = markdown.m; sourceTree = "<group>"; };
		0A80BFB10E21A90900C8BF14 /* Cocoa.framework */ = {isa = PBXFileReference; lastKnownFileType = wrapper.framework; name = Cocoa.framework; path = /System/Library/Frameworks/Cocoa.framework; sourceTree = "<absolute>"; };
		0A80BFCB0E21B61A00C8BF14 /* WebKit.framework */ = {isa = PBXFileReference; lastKnownFileType = wrapper.framework; name = WebKit.framework; path = /System/Library/Frameworks/WebKit.framework; sourceTree = "<absolute>"; };
		0AA1909FFE8422F4C02AAC07 /* CoreFoundation.framework */ = {isa = PBXFileReference; lastKnownFileType = wrapper.framework; name = CoreFoundation.framework; path = /System/Library/Frameworks/CoreFoundation.framework; sourceTree = "<absolute>"; };
		2C05A19B06CAA52B00D84F6F /* GeneratePreviewForURL.m */ = {isa = PBXFileReference; fileEncoding = 4; lastKnownFileType = sourcecode.c.objc; path = GeneratePreviewForURL.m; sourceTree = "<group>"; };
		4446CFE20F41899C00BAC3F4 /* amalloc.c */ = {isa = PBXFileReference; fileEncoding = 4; lastKnownFileType = sourcecode.c.c; path = amalloc.c; sourceTree = "<group>"; };
		4446CFE30F41899C00BAC3F4 /* amalloc.h */ = {isa = PBXFileReference; fileEncoding = 4; lastKnownFileType = sourcecode.c.h; path = amalloc.h; sourceTree = "<group>"; };
		4446CFE40F41899C00BAC3F4 /* config.h */ = {isa = PBXFileReference; fileEncoding = 4; lastKnownFileType = sourcecode.c.h; path = config.h; sourceTree = "<group>"; };
		4446CFE60F41899C00BAC3F4 /* cstring.h */ = {isa = PBXFileReference; fileEncoding = 4; lastKnownFileType = sourcecode.c.h; path = cstring.h; sourceTree = "<group>"; };
		4446CFE70F41899C00BAC3F4 /* docheader.c */ = {isa = PBXFileReference; fileEncoding = 4; lastKnownFileType = sourcecode.c.c; path = docheader.c; sourceTree = "<group>"; };
		4446CFE80F41899C00BAC3F4 /* dumptree.c */ = {isa = PBXFileReference; fileEncoding = 4; lastKnownFileType = sourcecode.c.c; path = dumptree.c; sourceTree = "<group>"; };
		4446CFE90F41899C00BAC3F4 /* generate.c */ = {isa = PBXFileReference; fileEncoding = 4; lastKnownFileType = sourcecode.c.c; path = generate.c; sourceTree = "<group>"; };
		4446CFEA0F41899C00BAC3F4 /* markdown.c */ = {isa = PBXFileReference; fileEncoding = 4; lastKnownFileType = sourcecode.c.c; path = markdown.c; sourceTree = "<group>"; };
		4446CFEB0F41899C00BAC3F4 /* markdown.h */ = {isa = PBXFileReference; fileEncoding = 4; lastKnownFileType = sourcecode.c.h; path = markdown.h; sourceTree = "<group>"; };
		4446CFEC0F41899C00BAC3F4 /* mkdio.c */ = {isa = PBXFileReference; fileEncoding = 4; lastKnownFileType = sourcecode.c.c; path = mkdio.c; sourceTree = "<group>"; };
		4446CFED0F41899C00BAC3F4 /* mkdio.h */ = {isa = PBXFileReference; fileEncoding = 4; lastKnownFileType = sourcecode.c.h; path = mkdio.h; sourceTree = "<group>"; };
		4446CFEF0F41899C00BAC3F4 /* resource.c */ = {isa = PBXFileReference; fileEncoding = 4; lastKnownFileType = sourcecode.c.c; path = resource.c; sourceTree = "<group>"; };
		4446CFF00F41899C00BAC3F4 /* toc.c */ = {isa = PBXFileReference; fileEncoding = 4; lastKnownFileType = sourcecode.c.c; path = toc.c; sourceTree = "<group>"; };
		4446CFF20F41899C00BAC3F4 /* wrapper.c */ = {isa = PBXFileReference; fileEncoding = 4; lastKnownFileType = sourcecode.c.c; path = wrapper.c; sourceTree = "<group>"; };
		4446CFF30F41899C00BAC3F4 /* wrapper.h */ = {isa = PBXFileReference; fileEncoding = 4; lastKnownFileType = sourcecode.c.h; path = wrapper.h; sourceTree = "<group>"; };
		4446CFF40F41899C00BAC3F4 /* xmlpage.c */ = {isa = PBXFileReference; fileEncoding = 4; lastKnownFileType = sourcecode.c.c; path = xmlpage.c; sourceTree = "<group>"; };
		4446D0230F41AD4700BAC3F4 /* styles.css */ = {isa = PBXFileReference; fileEncoding = 4; lastKnownFileType = text.css; path = styles.css; sourceTree = "<group>"; };
		61E3BCFA0870B4F2002186A0 /* GenerateThumbnailForURL.m */ = {isa = PBXFileReference; fileEncoding = 30; lastKnownFileType = sourcecode.c.objc; path = GenerateThumbnailForURL.m; sourceTree = "<group>"; };
		8D576316048677EA00EA77CD /* QLMarkdown.qlgenerator */ = {isa = PBXFileReference; explicitFileType = wrapper.cfbundle; includeInIndex = 0; path = QLMarkdown.qlgenerator; sourceTree = BUILT_PRODUCTS_DIR; };
		8D576317048677EA00EA77CD /* Info.plist */ = {isa = PBXFileReference; fileEncoding = 4; lastKnownFileType = text.plist; path = Info.plist; sourceTree = "<group>"; };
		C86B05260671AA6E00DD9006 /* CoreServices.framework */ = {isa = PBXFileReference; lastKnownFileType = wrapper.framework; name = CoreServices.framework; path = /System/Library/Frameworks/CoreServices.framework; sourceTree = "<absolute>"; };
		F28CFBFC0A3EC0AF000ABFF5 /* ApplicationServices.framework */ = {isa = PBXFileReference; lastKnownFileType = wrapper.framework; name = ApplicationServices.framework; path = /System/Library/Frameworks/ApplicationServices.framework; sourceTree = "<absolute>"; };
		F28CFC020A3EC0C6000ABFF5 /* QuickLook.framework */ = {isa = PBXFileReference; lastKnownFileType = wrapper.framework; name = QuickLook.framework; path = /System/Library/Frameworks/QuickLook.framework; sourceTree = "<absolute>"; };
/* End PBXFileReference section */

/* Begin PBXFrameworksBuildPhase section */
		8D576313048677EA00EA77CD /* Frameworks */ = {
			isa = PBXFrameworksBuildPhase;
			buildActionMask = 2147483647;
			files = (
				8D576314048677EA00EA77CD /* CoreFoundation.framework in Frameworks */,
				C86B05270671AA6E00DD9006 /* CoreServices.framework in Frameworks */,
				F28CFBFD0A3EC0AF000ABFF5 /* ApplicationServices.framework in Frameworks */,
				F28CFC030A3EC0C6000ABFF5 /* QuickLook.framework in Frameworks */,
				0A80BFB20E21A90900C8BF14 /* Cocoa.framework in Frameworks */,
				0A80BFCC0E21B61A00C8BF14 /* WebKit.framework in Frameworks */,
			);
			runOnlyForDeploymentPostprocessing = 0;
		};
/* End PBXFrameworksBuildPhase section */

/* Begin PBXGroup section */
		089C166AFE841209C02AAC07 /* QLMarkdown */ = {
			isa = PBXGroup;
			children = (
				4446CFDF0F41898200BAC3F4 /* discount */,
				08FB77AFFE84173DC02AAC07 /* Source */,
				089C167CFE841241C02AAC07 /* Resources */,
				089C1671FE841209C02AAC07 /* External Frameworks and Libraries */,
				19C28FB6FE9D52B211CA2CBB /* Products */,
			);
			name = QLMarkdown;
			sourceTree = "<group>";
		};
		089C1671FE841209C02AAC07 /* External Frameworks and Libraries */ = {
			isa = PBXGroup;
			children = (
				0A80BFCB0E21B61A00C8BF14 /* WebKit.framework */,
				0A80BFB10E21A90900C8BF14 /* Cocoa.framework */,
				F28CFC020A3EC0C6000ABFF5 /* QuickLook.framework */,
				F28CFBFC0A3EC0AF000ABFF5 /* ApplicationServices.framework */,
				C86B05260671AA6E00DD9006 /* CoreServices.framework */,
				0AA1909FFE8422F4C02AAC07 /* CoreFoundation.framework */,
			);
			name = "External Frameworks and Libraries";
			sourceTree = "<group>";
		};
		089C167CFE841241C02AAC07 /* Resources */ = {
			isa = PBXGroup;
			children = (
				8D576317048677EA00EA77CD /* Info.plist */,
				8D5B49A704867FD3000E48DA /* InfoPlist.strings */,
				4446D0230F41AD4700BAC3F4 /* styles.css */,
			);
			name = Resources;
			sourceTree = "<group>";
		};
		08FB77AFFE84173DC02AAC07 /* Source */ = {
			isa = PBXGroup;
			children = (
				61E3BCFA0870B4F2002186A0 /* GenerateThumbnailForURL.m */,
				2C05A19B06CAA52B00D84F6F /* GeneratePreviewForURL.m */,
				08FB77B6FE84183AC02AAC07 /* main.c */,
				0A80BFA40E21A2E200C8BF14 /* markdown.h */,
				0A80BFA60E21A2ED00C8BF14 /* markdown.m */,
			);
			name = Source;
			sourceTree = "<group>";
		};
		19C28FB6FE9D52B211CA2CBB /* Products */ = {
			isa = PBXGroup;
			children = (
				8D576316048677EA00EA77CD /* QLMarkdown.qlgenerator */,
			);
			name = Products;
			sourceTree = "<group>";
		};
		4446CFDF0F41898200BAC3F4 /* discount */ = {
			isa = PBXGroup;
			children = (
				4446CFE20F41899C00BAC3F4 /* amalloc.c */,
				4446CFE30F41899C00BAC3F4 /* amalloc.h */,
				4446CFE40F41899C00BAC3F4 /* config.h */,
				4446CFE60F41899C00BAC3F4 /* cstring.h */,
				4446CFE70F41899C00BAC3F4 /* docheader.c */,
				4446CFE80F41899C00BAC3F4 /* dumptree.c */,
				4446CFE90F41899C00BAC3F4 /* generate.c */,
				4446CFEA0F41899C00BAC3F4 /* markdown.c */,
				4446CFEB0F41899C00BAC3F4 /* markdown.h */,
				4446CFEC0F41899C00BAC3F4 /* mkdio.c */,
				4446CFED0F41899C00BAC3F4 /* mkdio.h */,
				4446CFEF0F41899C00BAC3F4 /* resource.c */,
				4446CFF00F41899C00BAC3F4 /* toc.c */,
				4446CFF20F41899C00BAC3F4 /* wrapper.c */,
				4446CFF30F41899C00BAC3F4 /* wrapper.h */,
				4446CFF40F41899C00BAC3F4 /* xmlpage.c */,
			);
			path = discount;
			sourceTree = "<group>";
		};
/* End PBXGroup section */

/* Begin PBXHeadersBuildPhase section */
		8D57630E048677EA00EA77CD /* Headers */ = {
			isa = PBXHeadersBuildPhase;
			buildActionMask = 2147483647;
			files = (
				0A80BFA50E21A2E200C8BF14 /* markdown.h in Headers */,
				4446CFF60F41899C00BAC3F4 /* amalloc.h in Headers */,
				4446CFF70F41899C00BAC3F4 /* config.h in Headers */,
				4446CFF90F41899C00BAC3F4 /* cstring.h in Headers */,
				4446CFFE0F41899C00BAC3F4 /* markdown.h in Headers */,
				4446D0000F41899C00BAC3F4 /* mkdio.h in Headers */,
				4446D0060F41899C00BAC3F4 /* wrapper.h in Headers */,
			);
			runOnlyForDeploymentPostprocessing = 0;
		};
/* End PBXHeadersBuildPhase section */

/* Begin PBXNativeTarget section */
		8D57630D048677EA00EA77CD /* QLMarkdown */ = {
			isa = PBXNativeTarget;
			buildConfigurationList = 2CA3261E0896AD4900168862 /* Build configuration list for PBXNativeTarget "QLMarkdown" */;
			buildPhases = (
				8D57630E048677EA00EA77CD /* Headers */,
				8D57630F048677EA00EA77CD /* Resources */,
				8D576311048677EA00EA77CD /* Sources */,
				8D576313048677EA00EA77CD /* Frameworks */,
				8D576315048677EA00EA77CD /* Rez */,
			);
			buildRules = (
			);
			dependencies = (
			);
			name = QLMarkdown;
			productInstallPath = /Library/QuickLook;
			productName = QLMarkdown;
			productReference = 8D576316048677EA00EA77CD /* QLMarkdown.qlgenerator */;
			productType = "com.apple.product-type.bundle";
		};
/* End PBXNativeTarget section */

/* Begin PBXProject section */
		089C1669FE841209C02AAC07 /* Project object */ = {
			isa = PBXProject;
			buildConfigurationList = 2CA326220896AD4900168862 /* Build configuration list for PBXProject "QLMarkdown" */;
			compatibilityVersion = "Xcode 3.0";
			hasScannedForEncodings = 1;
			mainGroup = 089C166AFE841209C02AAC07 /* QLMarkdown */;
			projectDirPath = "";
			projectRoot = "";
			targets = (
				8D57630D048677EA00EA77CD /* QLMarkdown */,
			);
		};
/* End PBXProject section */

/* Begin PBXResourcesBuildPhase section */
		8D57630F048677EA00EA77CD /* Resources */ = {
			isa = PBXResourcesBuildPhase;
			buildActionMask = 2147483647;
			files = (
				8D5B49A804867FD3000E48DA /* InfoPlist.strings in Resources */,
				4446D0240F41AD4700BAC3F4 /* styles.css in Resources */,
			);
			runOnlyForDeploymentPostprocessing = 0;
		};
/* End PBXResourcesBuildPhase section */

/* Begin PBXRezBuildPhase section */
		8D576315048677EA00EA77CD /* Rez */ = {
			isa = PBXRezBuildPhase;
			buildActionMask = 2147483647;
			files = (
			);
			runOnlyForDeploymentPostprocessing = 0;
		};
/* End PBXRezBuildPhase section */

/* Begin PBXSourcesBuildPhase section */
		8D576311048677EA00EA77CD /* Sources */ = {
			isa = PBXSourcesBuildPhase;
			buildActionMask = 2147483647;
			files = (
				8D576312048677EA00EA77CD /* main.c in Sources */,
				2C05A19C06CAA52B00D84F6F /* GeneratePreviewForURL.m in Sources */,
				61E3BCFB0870B4F2002186A0 /* GenerateThumbnailForURL.m in Sources */,
				0A80BFA70E21A2ED00C8BF14 /* markdown.m in Sources */,
				4446CFF50F41899C00BAC3F4 /* amalloc.c in Sources */,
				4446CFFA0F41899C00BAC3F4 /* docheader.c in Sources */,
				4446CFFB0F41899C00BAC3F4 /* dumptree.c in Sources */,
				4446CFFC0F41899C00BAC3F4 /* generate.c in Sources */,
				4446CFFD0F41899C00BAC3F4 /* markdown.c in Sources */,
				4446CFFF0F41899C00BAC3F4 /* mkdio.c in Sources */,
				4446D0020F41899C00BAC3F4 /* resource.c in Sources */,
				4446D0030F41899C00BAC3F4 /* toc.c in Sources */,
				4446D0050F41899C00BAC3F4 /* wrapper.c in Sources */,
				4446D0070F41899C00BAC3F4 /* xmlpage.c in Sources */,
			);
			runOnlyForDeploymentPostprocessing = 0;
		};
/* End PBXSourcesBuildPhase section */

/* Begin PBXVariantGroup section */
		8D5B49A704867FD3000E48DA /* InfoPlist.strings */ = {
			isa = PBXVariantGroup;
			children = (
				089C167EFE841241C02AAC07 /* English */,
			);
			name = InfoPlist.strings;
			sourceTree = "<group>";
		};
/* End PBXVariantGroup section */

/* Begin XCBuildConfiguration section */
		2CA3261F0896AD4900168862 /* Debug */ = {
			isa = XCBuildConfiguration;
			buildSettings = {
				COPY_PHASE_STRIP = NO;
				GCC_DYNAMIC_NO_PIC = NO;
				GCC_ENABLE_FIX_AND_CONTINUE = YES;
				GCC_MODEL_TUNING = G5;
				GCC_OPTIMIZATION_LEVEL = 0;
				GCC_PRECOMPILE_PREFIX_HEADER = NO;
				INFOPLIST_FILE = Info.plist;
				INSTALL_PATH = /Library/QuickLook;
				PRODUCT_NAME = QLMarkdown;
				VALID_ARCHS = "i386 ppc";
				WRAPPER_EXTENSION = qlgenerator;
				ZERO_LINK = YES;
			};
			name = Debug;
		};
		2CA326200896AD4900168862 /* Release */ = {
			isa = XCBuildConfiguration;
			buildSettings = {
				DEBUG_INFORMATION_FORMAT = "dwarf-with-dsym";
				GCC_MODEL_TUNING = G5;
				GCC_PRECOMPILE_PREFIX_HEADER = NO;
				INFOPLIST_FILE = Info.plist;
				INSTALL_PATH = /Library/QuickLook;
				PRODUCT_NAME = QLMarkdown;
				VALID_ARCHS = "i386 ppc";
				WRAPPER_EXTENSION = qlgenerator;
			};
			name = Release;
		};
		2CA326230896AD4900168862 /* Debug */ = {
			isa = XCBuildConfiguration;
			buildSettings = {
				GCC_WARN_ABOUT_RETURN_TYPE = YES;
				GCC_WARN_UNUSED_VARIABLE = YES;
				PREBINDING = NO;
				SDKROOT = "$(DEVELOPER_SDK_DIR)/MacOSX10.5.sdk";
			};
			name = Debug;
		};
		2CA326240896AD4900168862 /* Release */ = {
			isa = XCBuildConfiguration;
			buildSettings = {
				ARCHS = (
					ppc,
					i386,
				);
				GCC_WARN_ABOUT_RETURN_TYPE = YES;
				GCC_WARN_UNUSED_VARIABLE = YES;
				PREBINDING = NO;
				SDKROOT = "$(DEVELOPER_SDK_DIR)/MacOSX10.5.sdk";
			};
			name = Release;
		};
/* End XCBuildConfiguration section */

/* Begin XCConfigurationList section */
		2CA3261E0896AD4900168862 /* Build configuration list for PBXNativeTarget "QLMarkdown" */ = {
			isa = XCConfigurationList;
			buildConfigurations = (
				2CA3261F0896AD4900168862 /* Debug */,
				2CA326200896AD4900168862 /* Release */,
			);
			defaultConfigurationIsVisible = 0;
			defaultConfigurationName = Release;
		};
		2CA326220896AD4900168862 /* Build configuration list for PBXProject "QLMarkdown" */ = {
			isa = XCConfigurationList;
			buildConfigurations = (
				2CA326230896AD4900168862 /* Debug */,
				2CA326240896AD4900168862 /* Release */,
			);
			defaultConfigurationIsVisible = 0;
			defaultConfigurationName = Release;
		};
/* End XCConfigurationList section */
	};
	rootObject = 089C1669FE841209C02AAC07 /* Project object */;
}
